<Solution>
  <Project Path="ColbyO.CardioSim.csproj" />
  <Project Path="Assembly-CSharp.csproj" />
  <Project Path="Assembly-CSharp-Editor.csproj" />
  <Project Path="HorrorStealth.Tests.EditMode.csproj" />
  <Project Path="ColbyO.CardioSim.Editor.csproj" />
  <Project Path="HorrorStealth.Tests.PlayMode.csproj" />
</Solution>
